github.com/k1LoW/errors v1.1.1 h1:CrXtr1hSQP2mlJmlIPm3j1kJHnXgnGzZmCPvzYRkdBM=
github.com/k1LoW/errors v1.1.1/go.mod h1:FnyqU5omnd/+J2ViEsDaIZXTZGuRMZ5uDpLEqrEsMp4=
golang.org/x/sys v0.38.0 h1:3yZWxaJjBmCWXqhN1qh02AkOnCQ1poK6oF+a7xWL6Gc=
golang.org/x/sys v0.38.0/go.mod h1:OgkHotnGiDImocRcuBABYBEXf8A9a87e/uXjp9XT3ks=
